
Microsoft Visual Studio Solution File, Format Version 12.00
# Visual Studio 15
VisualStudioVersion = 15.0.33529.398
MinimumVisualStudioVersion = 10.0.40219.1
Project("{8BC9CEB8-8B4A-11D0-8D11-00A0C91BC942}") = "SeqList", "SeqList\SeqList.vcxproj", "{829268A9-F160-4E47-B233-A0AA793ED912}"
EndProject
Global
	GlobalSection(SolutionConfigurationPlatforms) = preSolution
		Debug|x64 = Debug|x64
		Debug|x86 = Debug|x86
		Release|x64 = Release|x64
		Release|x86 = Release|x86
	EndGlobalSection
	GlobalSection(ProjectConfigurationPlatforms) = postSolution
		{829268A9-F160-4E47-B233-A0AA793ED912}.Debug|x64.ActiveCfg = Debug|x64
		{829268A9-F160-4E47-B233-A0AA793ED912}.Debug|x64.Build.0 = Debug|x64
		{829268A9-F160-4E47-B233-A0AA793ED912}.Debug|x86.ActiveCfg = Debug|Win32
		{829268A9-F160-4E47-B233-A0AA793ED912}.Debug|x86.Build.0 = Debug|Win32
		{829268A9-F160-4E47-B233-A0AA793ED912}.Release|x64.ActiveCfg = Release|x64
		{829268A9-F160-4E47-B233-A0AA793ED912}.Release|x64.Build.0 = Release|x64
		{829268A9-F160-4E47-B233-A0AA793ED912}.Release|x86.ActiveCfg = Release|Win32
		{829268A9-F160-4E47-B233-A0AA793ED912}.Release|x86.Build.0 = Release|Win32
	EndGlobalSection
	GlobalSection(SolutionProperties) = preSolution
		HideSolutionNode = FALSE
	EndGlobalSection
	GlobalSection(ExtensibilityGlobals) = postSolution
		SolutionGuid = {ABED8D9E-CF38-449C-815B-9AA4E0355EBB}
	EndGlobalSection
EndGlobal
